
Microsoft Visual Studio Solution File, Format Version 12.00
# Visual Studio Version 17
VisualStudioVersion = 17.9.34622.214
MinimumVisualStudioVersion = 10.0.40219.1
Project("{9A19103F-16F7-4668-BE54-9A1E7A4F7556}") = "Hebb_AND", "Hebb_AND\Hebb_AND.csproj", "{105342D7-D0FA-4F48-8AD0-3DD12D523E65}"
EndProject
Project("{9A19103F-16F7-4668-BE54-9A1E7A4F7556}") = "Hebb_XO", "Hebb_XO\Hebb_XO.csproj", "{D0335B2A-1BEC-4C9F-9EBE-58420588BE0A}"
EndProject
Project("{9A19103F-16F7-4668-BE54-9A1E7A4F7556}") = "Perceptron_AND", "Perceptron_AND\Perceptron_AND.csproj", "{689A9E3E-5F9B-4750-B24F-C5F36BA117DA}"
EndProject
Project("{9A19103F-16F7-4668-BE54-9A1E7A4F7556}") = "Perceptron_XO", "Perceptron_XO\Perceptron_XO.csproj", "{BCBF0A0B-7220-48C5-A832-1FB44106FF7D}"
EndProject
Project("{9A19103F-16F7-4668-BE54-9A1E7A4F7556}") = "Perceptron(Multi-Category)_XO", "Perceptron(Multi-Category)_XO\Perceptron(Multi-Category)_XO.csproj", "{21911C4E-AFDB-4E1D-95EB-01629AA26C86}"
EndProject
Project("{FAE04EC0-301F-11D3-BF4B-00C04F79EFBC}") = "Adaline_XO", "Adaline_XO\Adaline_XO.csproj", "{7BAEB8B7-82C7-4ED0-9872-4D8105353A7A}"
EndProject
Global
	GlobalSection(SolutionConfigurationPlatforms) = preSolution
		Debug|Any CPU = Debug|Any CPU
		Release|Any CPU = Release|Any CPU
	EndGlobalSection
	GlobalSection(ProjectConfigurationPlatforms) = postSolution
		{105342D7-D0FA-4F48-8AD0-3DD12D523E65}.Debug|Any CPU.ActiveCfg = Debug|Any CPU
		{105342D7-D0FA-4F48-8AD0-3DD12D523E65}.Debug|Any CPU.Build.0 = Debug|Any CPU
		{105342D7-D0FA-4F48-8AD0-3DD12D523E65}.Release|Any CPU.ActiveCfg = Release|Any CPU
		{105342D7-D0FA-4F48-8AD0-3DD12D523E65}.Release|Any CPU.Build.0 = Release|Any CPU
		{D0335B2A-1BEC-4C9F-9EBE-58420588BE0A}.Debug|Any CPU.ActiveCfg = Debug|Any CPU
		{D0335B2A-1BEC-4C9F-9EBE-58420588BE0A}.Debug|Any CPU.Build.0 = Debug|Any CPU
		{D0335B2A-1BEC-4C9F-9EBE-58420588BE0A}.Release|Any CPU.ActiveCfg = Release|Any CPU
		{D0335B2A-1BEC-4C9F-9EBE-58420588BE0A}.Release|Any CPU.Build.0 = Release|Any CPU
		{689A9E3E-5F9B-4750-B24F-C5F36BA117DA}.Debug|Any CPU.ActiveCfg = Debug|Any CPU
		{689A9E3E-5F9B-4750-B24F-C5F36BA117DA}.Debug|Any CPU.Build.0 = Debug|Any CPU
		{689A9E3E-5F9B-4750-B24F-C5F36BA117DA}.Release|Any CPU.ActiveCfg = Release|Any CPU
		{689A9E3E-5F9B-4750-B24F-C5F36BA117DA}.Release|Any CPU.Build.0 = Release|Any CPU
		{BCBF0A0B-7220-48C5-A832-1FB44106FF7D}.Debug|Any CPU.ActiveCfg = Debug|Any CPU
		{BCBF0A0B-7220-48C5-A832-1FB44106FF7D}.Debug|Any CPU.Build.0 = Debug|Any CPU
		{BCBF0A0B-7220-48C5-A832-1FB44106FF7D}.Release|Any CPU.ActiveCfg = Release|Any CPU
		{BCBF0A0B-7220-48C5-A832-1FB44106FF7D}.Release|Any CPU.Build.0 = Release|Any CPU
		{21911C4E-AFDB-4E1D-95EB-01629AA26C86}.Debug|Any CPU.ActiveCfg = Debug|Any CPU
		{21911C4E-AFDB-4E1D-95EB-01629AA26C86}.Debug|Any CPU.Build.0 = Debug|Any CPU
		{21911C4E-AFDB-4E1D-95EB-01629AA26C86}.Release|Any CPU.ActiveCfg = Release|Any CPU
		{21911C4E-AFDB-4E1D-95EB-01629AA26C86}.Release|Any CPU.Build.0 = Release|Any CPU
		{7BAEB8B7-82C7-4ED0-9872-4D8105353A7A}.Debug|Any CPU.ActiveCfg = Debug|Any CPU
		{7BAEB8B7-82C7-4ED0-9872-4D8105353A7A}.Debug|Any CPU.Build.0 = Debug|Any CPU
		{7BAEB8B7-82C7-4ED0-9872-4D8105353A7A}.Release|Any CPU.ActiveCfg = Release|Any CPU
		{7BAEB8B7-82C7-4ED0-9872-4D8105353A7A}.Release|Any CPU.Build.0 = Release|Any CPU
	EndGlobalSection
	GlobalSection(SolutionProperties) = preSolution
		HideSolutionNode = FALSE
	EndGlobalSection
	GlobalSection(ExtensibilityGlobals) = postSolution
		SolutionGuid = {FBF9A313-B4BE-4091-9BED-59325418C8C3}
	EndGlobalSection
EndGlobal
