
Microsoft Visual Studio Solution File, Format Version 12.00
# Visual Studio Version 17
VisualStudioVersion = 17.9.34622.214
MinimumVisualStudioVersion = 10.0.40219.1
Project("{9A19103F-16F7-4668-BE54-9A1E7A4F7556}") = "Hebb_AND", "Hebb_AND\Hebb_AND.csproj", "{105342D7-D0FA-4F48-8AD0-3DD12D523E65}"
EndProject
Project("{9A19103F-16F7-4668-BE54-9A1E7A4F7556}") = "Hebb_XO", "Hebb_XO\Hebb_XO.csproj", "{D0335B2A-1BEC-4C9F-9EBE-58420588BE0A}"
EndProject
Project("{9A19103F-16F7-4668-BE54-9A1E7A4F7556}") = "Perceptron_AND", "Perceptron_AND\Perceptron_AND.csproj", "{689A9E3E-5F9B-4750-B24F-C5F36BA117DA}"
EndProject
Project("{9A19103F-16F7-4668-BE54-9A1E7A4F7556}") = "Perceptron_XO", "Perceptron_XO\Perceptron_XO.csproj", "{BCBF0A0B-7220-48C5-A832-1FB44106FF7D}"
EndProject
Project("{9A19103F-16F7-4668-BE54-9A1E7A4F7556}") = "Perceptron(Multi-Category)_XO", "Perceptron(Multi-Category)_XO\Perceptron(Multi-Category)_XO.csproj", "{21911C4E-AFDB-4E1D-95EB-01629AA26C86}"
EndProject
Project("{9A19103F-16F7-4668-BE54-9A1E7A4F7556}") = "Adaline_XO", "Adaline_XO\Adaline_XO.csproj", "{7BAEB8B7-82C7-4ED0-9872-4D8105353A7A}"
EndProject
Project("{9A19103F-16F7-4668-BE54-9A1E7A4F7556}") = "MLP_XO", "MLP_XO\MLP_XO.csproj", "{D85D424D-6B76-47C7-B0F7-25C0D903A6B1}"
EndProject
Project("{9A19103F-16F7-4668-BE54-9A1E7A4F7556}") = "MLP_Thyroid", "MLP_Thyroid\MLP_Thyroid.csproj", "{C9537CE8-9C11-4432-B9CB-D336048414C2}"
EndProject
Project("{9A19103F-16F7-4668-BE54-9A1E7A4F7556}") = "MLP_Base", "MLP_Base\MLP_Base.csproj", "{7216665F-8BB9-456E-85DA-6E2F11DBC946}"
EndProject
Project("{9A19103F-16F7-4668-BE54-9A1E7A4F7556}") = "MLP_Sinusoid", "MLP_Sinusoid\MLP_Sinusoid.csproj", "{4BCA3981-17D7-44B3-9B35-2FEBF541E728}"
EndProject
Project("{9A19103F-16F7-4668-BE54-9A1E7A4F7556}") = "Hopfield_A-Z", "Hopfield_A-Z\Hopfield_A-Z.csproj", "{71805709-2189-4C3D-ADA9-0C0027BEFD3B}"
EndProject
Project("{9A19103F-16F7-4668-BE54-9A1E7A4F7556}") = "SOM_Base", "SOM_Base\SOM_Base.csproj", "{20247F1D-09CA-4F77-B6E6-A039682CA322}"
EndProject
Project("{9A19103F-16F7-4668-BE54-9A1E7A4F7556}") = "SOM_HWD", "SOM_HWD\SOM_HWD.csproj", "{D26E4728-5086-44D0-96A9-55126FDB19CE}"
EndProject
Project("{9A19103F-16F7-4668-BE54-9A1E7A4F7556}") = "SOM_TSP", "SOM_TSP\SOM_TSP.csproj", "{B87FBC85-07DD-4946-B1E3-866CE45AEC93}"
EndProject
Project("{FAE04EC0-301F-11D3-BF4B-00C04F79EFBC}") = "K-means_HWD", "K-means_HWD\K-means_HWD.csproj", "{A9CECD2C-4A4F-4D1F-B310-80D99D121C5B}"
EndProject
Global
	GlobalSection(SolutionConfigurationPlatforms) = preSolution
		Debug|Any CPU = Debug|Any CPU
		Release|Any CPU = Release|Any CPU
	EndGlobalSection
	GlobalSection(ProjectConfigurationPlatforms) = postSolution
		{105342D7-D0FA-4F48-8AD0-3DD12D523E65}.Debug|Any CPU.ActiveCfg = Debug|Any CPU
		{105342D7-D0FA-4F48-8AD0-3DD12D523E65}.Debug|Any CPU.Build.0 = Debug|Any CPU
		{105342D7-D0FA-4F48-8AD0-3DD12D523E65}.Release|Any CPU.ActiveCfg = Release|Any CPU
		{105342D7-D0FA-4F48-8AD0-3DD12D523E65}.Release|Any CPU.Build.0 = Release|Any CPU
		{D0335B2A-1BEC-4C9F-9EBE-58420588BE0A}.Debug|Any CPU.ActiveCfg = Debug|Any CPU
		{D0335B2A-1BEC-4C9F-9EBE-58420588BE0A}.Debug|Any CPU.Build.0 = Debug|Any CPU
		{D0335B2A-1BEC-4C9F-9EBE-58420588BE0A}.Release|Any CPU.ActiveCfg = Release|Any CPU
		{D0335B2A-1BEC-4C9F-9EBE-58420588BE0A}.Release|Any CPU.Build.0 = Release|Any CPU
		{689A9E3E-5F9B-4750-B24F-C5F36BA117DA}.Debug|Any CPU.ActiveCfg = Debug|Any CPU
		{689A9E3E-5F9B-4750-B24F-C5F36BA117DA}.Debug|Any CPU.Build.0 = Debug|Any CPU
		{689A9E3E-5F9B-4750-B24F-C5F36BA117DA}.Release|Any CPU.ActiveCfg = Release|Any CPU
		{689A9E3E-5F9B-4750-B24F-C5F36BA117DA}.Release|Any CPU.Build.0 = Release|Any CPU
		{BCBF0A0B-7220-48C5-A832-1FB44106FF7D}.Debug|Any CPU.ActiveCfg = Debug|Any CPU
		{BCBF0A0B-7220-48C5-A832-1FB44106FF7D}.Debug|Any CPU.Build.0 = Debug|Any CPU
		{BCBF0A0B-7220-48C5-A832-1FB44106FF7D}.Release|Any CPU.ActiveCfg = Release|Any CPU
		{BCBF0A0B-7220-48C5-A832-1FB44106FF7D}.Release|Any CPU.Build.0 = Release|Any CPU
		{21911C4E-AFDB-4E1D-95EB-01629AA26C86}.Debug|Any CPU.ActiveCfg = Debug|Any CPU
		{21911C4E-AFDB-4E1D-95EB-01629AA26C86}.Debug|Any CPU.Build.0 = Debug|Any CPU
		{21911C4E-AFDB-4E1D-95EB-01629AA26C86}.Release|Any CPU.ActiveCfg = Release|Any CPU
		{21911C4E-AFDB-4E1D-95EB-01629AA26C86}.Release|Any CPU.Build.0 = Release|Any CPU
		{7BAEB8B7-82C7-4ED0-9872-4D8105353A7A}.Debug|Any CPU.ActiveCfg = Debug|Any CPU
		{7BAEB8B7-82C7-4ED0-9872-4D8105353A7A}.Debug|Any CPU.Build.0 = Debug|Any CPU
		{7BAEB8B7-82C7-4ED0-9872-4D8105353A7A}.Release|Any CPU.ActiveCfg = Release|Any CPU
		{7BAEB8B7-82C7-4ED0-9872-4D8105353A7A}.Release|Any CPU.Build.0 = Release|Any CPU
		{D85D424D-6B76-47C7-B0F7-25C0D903A6B1}.Debug|Any CPU.ActiveCfg = Debug|Any CPU
		{D85D424D-6B76-47C7-B0F7-25C0D903A6B1}.Debug|Any CPU.Build.0 = Debug|Any CPU
		{D85D424D-6B76-47C7-B0F7-25C0D903A6B1}.Release|Any CPU.ActiveCfg = Release|Any CPU
		{D85D424D-6B76-47C7-B0F7-25C0D903A6B1}.Release|Any CPU.Build.0 = Release|Any CPU
		{C9537CE8-9C11-4432-B9CB-D336048414C2}.Debug|Any CPU.ActiveCfg = Debug|Any CPU
		{C9537CE8-9C11-4432-B9CB-D336048414C2}.Debug|Any CPU.Build.0 = Debug|Any CPU
		{C9537CE8-9C11-4432-B9CB-D336048414C2}.Release|Any CPU.ActiveCfg = Release|Any CPU
		{C9537CE8-9C11-4432-B9CB-D336048414C2}.Release|Any CPU.Build.0 = Release|Any CPU
		{7216665F-8BB9-456E-85DA-6E2F11DBC946}.Debug|Any CPU.ActiveCfg = Debug|Any CPU
		{7216665F-8BB9-456E-85DA-6E2F11DBC946}.Debug|Any CPU.Build.0 = Debug|Any CPU
		{7216665F-8BB9-456E-85DA-6E2F11DBC946}.Release|Any CPU.ActiveCfg = Release|Any CPU
		{7216665F-8BB9-456E-85DA-6E2F11DBC946}.Release|Any CPU.Build.0 = Release|Any CPU
		{4BCA3981-17D7-44B3-9B35-2FEBF541E728}.Debug|Any CPU.ActiveCfg = Debug|Any CPU
		{4BCA3981-17D7-44B3-9B35-2FEBF541E728}.Debug|Any CPU.Build.0 = Debug|Any CPU
		{4BCA3981-17D7-44B3-9B35-2FEBF541E728}.Release|Any CPU.ActiveCfg = Release|Any CPU
		{4BCA3981-17D7-44B3-9B35-2FEBF541E728}.Release|Any CPU.Build.0 = Release|Any CPU
		{71805709-2189-4C3D-ADA9-0C0027BEFD3B}.Debug|Any CPU.ActiveCfg = Debug|Any CPU
		{71805709-2189-4C3D-ADA9-0C0027BEFD3B}.Debug|Any CPU.Build.0 = Debug|Any CPU
		{71805709-2189-4C3D-ADA9-0C0027BEFD3B}.Release|Any CPU.ActiveCfg = Release|Any CPU
		{71805709-2189-4C3D-ADA9-0C0027BEFD3B}.Release|Any CPU.Build.0 = Release|Any CPU
		{20247F1D-09CA-4F77-B6E6-A039682CA322}.Debug|Any CPU.ActiveCfg = Debug|Any CPU
		{20247F1D-09CA-4F77-B6E6-A039682CA322}.Debug|Any CPU.Build.0 = Debug|Any CPU
		{20247F1D-09CA-4F77-B6E6-A039682CA322}.Release|Any CPU.ActiveCfg = Release|Any CPU
		{20247F1D-09CA-4F77-B6E6-A039682CA322}.Release|Any CPU.Build.0 = Release|Any CPU
		{D26E4728-5086-44D0-96A9-55126FDB19CE}.Debug|Any CPU.ActiveCfg = Debug|Any CPU
		{D26E4728-5086-44D0-96A9-55126FDB19CE}.Debug|Any CPU.Build.0 = Debug|Any CPU
		{D26E4728-5086-44D0-96A9-55126FDB19CE}.Release|Any CPU.ActiveCfg = Release|Any CPU
		{D26E4728-5086-44D0-96A9-55126FDB19CE}.Release|Any CPU.Build.0 = Release|Any CPU
		{B87FBC85-07DD-4946-B1E3-866CE45AEC93}.Debug|Any CPU.ActiveCfg = Debug|Any CPU
		{B87FBC85-07DD-4946-B1E3-866CE45AEC93}.Debug|Any CPU.Build.0 = Debug|Any CPU
		{B87FBC85-07DD-4946-B1E3-866CE45AEC93}.Release|Any CPU.ActiveCfg = Release|Any CPU
		{B87FBC85-07DD-4946-B1E3-866CE45AEC93}.Release|Any CPU.Build.0 = Release|Any CPU
		{A9CECD2C-4A4F-4D1F-B310-80D99D121C5B}.Debug|Any CPU.ActiveCfg = Debug|Any CPU
		{A9CECD2C-4A4F-4D1F-B310-80D99D121C5B}.Debug|Any CPU.Build.0 = Debug|Any CPU
		{A9CECD2C-4A4F-4D1F-B310-80D99D121C5B}.Release|Any CPU.ActiveCfg = Release|Any CPU
		{A9CECD2C-4A4F-4D1F-B310-80D99D121C5B}.Release|Any CPU.Build.0 = Release|Any CPU
	EndGlobalSection
	GlobalSection(SolutionProperties) = preSolution
		HideSolutionNode = FALSE
	EndGlobalSection
	GlobalSection(ExtensibilityGlobals) = postSolution
		SolutionGuid = {FBF9A313-B4BE-4091-9BED-59325418C8C3}
	EndGlobalSection
EndGlobal
